
Microsoft Visual Studio Solution File, Format Version 12.00
# Visual Studio Express 2012 for Windows Desktop
Project("{FAE04EC0-301F-11D3-BF4B-00C04F79EFBC}") = "Medlemsregister", "Medlemsregister.csproj", "{D06454CF-7B3B-4F7B-AFB3-BCFAFF89A9DC}"
EndProject
Global
	GlobalSection(SolutionConfigurationPlatforms) = preSolution
		Debug|Any CPU = Debug|Any CPU
		Release|Any CPU = Release|Any CPU
	EndGlobalSection
	GlobalSection(ProjectConfigurationPlatforms) = postSolution
		{D06454CF-7B3B-4F7B-AFB3-BCFAFF89A9DC}.Debug|Any CPU.ActiveCfg = Debug|Any CPU
		{D06454CF-7B3B-4F7B-AFB3-BCFAFF89A9DC}.Debug|Any CPU.Build.0 = Debug|Any CPU
		{D06454CF-7B3B-4F7B-AFB3-BCFAFF89A9DC}.Release|Any CPU.ActiveCfg = Release|Any CPU
		{D06454CF-7B3B-4F7B-AFB3-BCFAFF89A9DC}.Release|Any CPU.Build.0 = Release|Any CPU
	EndGlobalSection
	GlobalSection(SolutionProperties) = preSolution
		HideSolutionNode = FALSE
	EndGlobalSection
EndGlobal
